// !$*UTF8*$!
{
	archiveVersion = 1;
	classes = {
	};
	objectVersion = 46;
	objects = {

/* Begin PBXBuildFile section */
		F398EBF319E33A9A00A47A52 /* WCDetailViewController.m in Sources */ = {isa = PBXBuildFile; fileRef = F398EBF119E33A9A00A47A52 /* WCDetailViewController.m */; };
		F398EBF419E33A9A00A47A52 /* WCDetailViewController.xib in Resources */ = {isa = PBXBuildFile; fileRef = F398EBF219E33A9A00A47A52 /* WCDetailViewController.xib */; };
		F3E451F019997C1A0023CFC7 /* HeaderView.xib in Resources */ = {isa = PBXBuildFile; fileRef = F3E451EF19997C1A0023CFC7 /* HeaderView.xib */; };
		F3F022D819806166009602E0 /* Foundation.framework in Frameworks */ = {isa = PBXBuildFile; fileRef = F3F022D719806166009602E0 /* Foundation.framework */; };
		F3F022DA19806166009602E0 /* CoreGraphics.framework in Frameworks */ = {isa = PBXBuildFile; fileRef = F3F022D919806166009602E0 /* CoreGraphics.framework */; };
		F3F022DC19806166009602E0 /* UIKit.framework in Frameworks */ = {isa = PBXBuildFile; fileRef = F3F022DB19806166009602E0 /* UIKit.framework */; };
		F3F022E219806166009602E0 /* InfoPlist.strings in Resources */ = {isa = PBXBuildFile; fileRef = F3F022E019806166009602E0 /* InfoPlist.strings */; };
		F3F022E419806166009602E0 /* main.m in Sources */ = {isa = PBXBuildFile; fileRef = F3F022E319806166009602E0 /* main.m */; };
		F3F022E819806166009602E0 /* WCAppDelegate.m in Sources */ = {isa = PBXBuildFile; fileRef = F3F022E719806166009602E0 /* WCAppDelegate.m */; };
		F3F022EA19806166009602E0 /* Images.xcassets in Resources */ = {isa = PBXBuildFile; fileRef = F3F022E919806166009602E0 /* Images.xcassets */; };
		F3F022F119806166009602E0 /* XCTest.framework in Frameworks */ = {isa = PBXBuildFile; fileRef = F3F022F019806166009602E0 /* XCTest.framework */; };
		F3F022F219806166009602E0 /* Foundation.framework in Frameworks */ = {isa = PBXBuildFile; fileRef = F3F022D719806166009602E0 /* Foundation.framework */; };
		F3F022F319806166009602E0 /* UIKit.framework in Frameworks */ = {isa = PBXBuildFile; fileRef = F3F022DB19806166009602E0 /* UIKit.framework */; };
		F3F022FB19806166009602E0 /* InfoPlist.strings in Resources */ = {isa = PBXBuildFile; fileRef = F3F022F919806166009602E0 /* InfoPlist.strings */; };
		F3F022FD19806166009602E0 /* HomepwnerTests.m in Sources */ = {isa = PBXBuildFile; fileRef = F3F022FC19806166009602E0 /* HomepwnerTests.m */; };
		F3F02308198067A8009602E0 /* WCItemsViewController.m in Sources */ = {isa = PBXBuildFile; fileRef = F3F02307198067A8009602E0 /* WCItemsViewController.m */; };
		F3F0230B19806BC5009602E0 /* WCItem.m in Sources */ = {isa = PBXBuildFile; fileRef = F3F0230A19806BC5009602E0 /* WCItem.m */; };
		F3F0230E19807458009602E0 /* WCItemStore.m in Sources */ = {isa = PBXBuildFile; fileRef = F3F0230D19807458009602E0 /* WCItemStore.m */; };
/* End PBXBuildFile section */

/* Begin PBXContainerItemProxy section */
		F3F022F419806166009602E0 /* PBXContainerItemProxy */ = {
			isa = PBXContainerItemProxy;
			containerPortal = F3F022CC19806166009602E0 /* Project object */;
			proxyType = 1;
			remoteGlobalIDString = F3F022D319806166009602E0;
			remoteInfo = Homepwner;
		};
/* End PBXContainerItemProxy section */

/* Begin PBXFileReference section */
		F398EBF019E33A9A00A47A52 /* WCDetailViewController.h */ = {isa = PBXFileReference; fileEncoding = 4; lastKnownFileType = sourcecode.c.h; path = WCDetailViewController.h; sourceTree = "<group>"; };
		F398EBF119E33A9A00A47A52 /* WCDetailViewController.m */ = {isa = PBXFileReference; fileEncoding = 4; lastKnownFileType = sourcecode.c.objc; path = WCDetailViewController.m; sourceTree = "<group>"; };
		F398EBF219E33A9A00A47A52 /* WCDetailViewController.xib */ = {isa = PBXFileReference; fileEncoding = 4; lastKnownFileType = file.xib; path = WCDetailViewController.xib; sourceTree = "<group>"; };
		F3E451EF19997C1A0023CFC7 /* HeaderView.xib */ = {isa = PBXFileReference; fileEncoding = 4; lastKnownFileType = file.xib; path = HeaderView.xib; sourceTree = "<group>"; };
		F3F022D419806166009602E0 /* Homepwner.app */ = {isa = PBXFileReference; explicitFileType = wrapper.application; includeInIndex = 0; path = Homepwner.app; sourceTree = BUILT_PRODUCTS_DIR; };
		F3F022D719806166009602E0 /* Foundation.framework */ = {isa = PBXFileReference; lastKnownFileType = wrapper.framework; name = Foundation.framework; path = System/Library/Frameworks/Foundation.framework; sourceTree = SDKROOT; };
		F3F022D919806166009602E0 /* CoreGraphics.framework */ = {isa = PBXFileReference; lastKnownFileType = wrapper.framework; name = CoreGraphics.framework; path = System/Library/Frameworks/CoreGraphics.framework; sourceTree = SDKROOT; };
		F3F022DB19806166009602E0 /* UIKit.framework */ = {isa = PBXFileReference; lastKnownFileType = wrapper.framework; name = UIKit.framework; path = System/Library/Frameworks/UIKit.framework; sourceTree = SDKROOT; };
		F3F022DF19806166009602E0 /* Homepwner-Info.plist */ = {isa = PBXFileReference; lastKnownFileType = text.plist.xml; path = "Homepwner-Info.plist"; sourceTree = "<group>"; };
		F3F022E119806166009602E0 /* en */ = {isa = PBXFileReference; lastKnownFileType = text.plist.strings; name = en; path = en.lproj/InfoPlist.strings; sourceTree = "<group>"; };
		F3F022E319806166009602E0 /* main.m */ = {isa = PBXFileReference; lastKnownFileType = sourcecode.c.objc; path = main.m; sourceTree = "<group>"; };
		F3F022E519806166009602E0 /* Homepwner-Prefix.pch */ = {isa = PBXFileReference; lastKnownFileType = sourcecode.c.h; path = "Homepwner-Prefix.pch"; sourceTree = "<group>"; };
		F3F022E619806166009602E0 /* WCAppDelegate.h */ = {isa = PBXFileReference; lastKnownFileType = sourcecode.c.h; path = WCAppDelegate.h; sourceTree = "<group>"; };
		F3F022E719806166009602E0 /* WCAppDelegate.m */ = {isa = PBXFileReference; lastKnownFileType = sourcecode.c.objc; path = WCAppDelegate.m; sourceTree = "<group>"; };
		F3F022E919806166009602E0 /* Images.xcassets */ = {isa = PBXFileReference; lastKnownFileType = folder.assetcatalog; path = Images.xcassets; sourceTree = "<group>"; };
		F3F022EF19806166009602E0 /* HomepwnerTests.xctest */ = {isa = PBXFileReference; explicitFileType = wrapper.cfbundle; includeInIndex = 0; path = HomepwnerTests.xctest; sourceTree = BUILT_PRODUCTS_DIR; };
		F3F022F019806166009602E0 /* XCTest.framework */ = {isa = PBXFileReference; lastKnownFileType = wrapper.framework; name = XCTest.framework; path = Library/Frameworks/XCTest.framework; sourceTree = DEVELOPER_DIR; };
		F3F022F819806166009602E0 /* HomepwnerTests-Info.plist */ = {isa = PBXFileReference; lastKnownFileType = text.plist.xml; path = "HomepwnerTests-Info.plist"; sourceTree = "<group>"; };
		F3F022FA19806166009602E0 /* en */ = {isa = PBXFileReference; lastKnownFileType = text.plist.strings; name = en; path = en.lproj/InfoPlist.strings; sourceTree = "<group>"; };
		F3F022FC19806166009602E0 /* HomepwnerTests.m */ = {isa = PBXFileReference; lastKnownFileType = sourcecode.c.objc; path = HomepwnerTests.m; sourceTree = "<group>"; };
		F3F02306198067A8009602E0 /* WCItemsViewController.h */ = {isa = PBXFileReference; fileEncoding = 4; lastKnownFileType = sourcecode.c.h; path = WCItemsViewController.h; sourceTree = "<group>"; };
		F3F02307198067A8009602E0 /* WCItemsViewController.m */ = {isa = PBXFileReference; fileEncoding = 4; lastKnownFileType = sourcecode.c.objc; path = WCItemsViewController.m; sourceTree = "<group>"; };
		F3F0230919806BC5009602E0 /* WCItem.h */ = {isa = PBXFileReference; fileEncoding = 4; lastKnownFileType = sourcecode.c.h; path = WCItem.h; sourceTree = "<group>"; };
		F3F0230A19806BC5009602E0 /* WCItem.m */ = {isa = PBXFileReference; fileEncoding = 4; lastKnownFileType = sourcecode.c.objc; path = WCItem.m; sourceTree = "<group>"; };
		F3F0230C19807458009602E0 /* WCItemStore.h */ = {isa = PBXFileReference; fileEncoding = 4; lastKnownFileType = sourcecode.c.h; path = WCItemStore.h; sourceTree = "<group>"; };
		F3F0230D19807458009602E0 /* WCItemStore.m */ = {isa = PBXFileReference; fileEncoding = 4; lastKnownFileType = sourcecode.c.objc; path = WCItemStore.m; sourceTree = "<group>"; };
/* End PBXFileReference section */

/* Begin PBXFrameworksBuildPhase section */
		F3F022D119806166009602E0 /* Frameworks */ = {
			isa = PBXFrameworksBuildPhase;
			buildActionMask = 2147483647;
			files = (
				F3F022DA19806166009602E0 /* CoreGraphics.framework in Frameworks */,
				F3F022DC19806166009602E0 /* UIKit.framework in Frameworks */,
				F3F022D819806166009602E0 /* Foundation.framework in Frameworks */,
			);
			runOnlyForDeploymentPostprocessing = 0;
		};
		F3F022EC19806166009602E0 /* Frameworks */ = {
			isa = PBXFrameworksBuildPhase;
			buildActionMask = 2147483647;
			files = (
				F3F022F119806166009602E0 /* XCTest.framework in Frameworks */,
				F3F022F319806166009602E0 /* UIKit.framework in Frameworks */,
				F3F022F219806166009602E0 /* Foundation.framework in Frameworks */,
			);
			runOnlyForDeploymentPostprocessing = 0;
		};
/* End PBXFrameworksBuildPhase section */

/* Begin PBXGroup section */
		F3F022CB19806166009602E0 = {
			isa = PBXGroup;
			children = (
				F3F022DD19806166009602E0 /* Homepwner */,
				F3F022F619806166009602E0 /* HomepwnerTests */,
				F3F022D619806166009602E0 /* Frameworks */,
				F3F022D519806166009602E0 /* Products */,
			);
			sourceTree = "<group>";
		};
		F3F022D519806166009602E0 /* Products */ = {
			isa = PBXGroup;
			children = (
				F3F022D419806166009602E0 /* Homepwner.app */,
				F3F022EF19806166009602E0 /* HomepwnerTests.xctest */,
			);
			name = Products;
			sourceTree = "<group>";
		};
		F3F022D619806166009602E0 /* Frameworks */ = {
			isa = PBXGroup;
			children = (
				F3F022D719806166009602E0 /* Foundation.framework */,
				F3F022D919806166009602E0 /* CoreGraphics.framework */,
				F3F022DB19806166009602E0 /* UIKit.framework */,
				F3F022F019806166009602E0 /* XCTest.framework */,
			);
			name = Frameworks;
			sourceTree = "<group>";
		};
		F3F022DD19806166009602E0 /* Homepwner */ = {
			isa = PBXGroup;
			children = (
				F3F0230919806BC5009602E0 /* WCItem.h */,
				F3F0230A19806BC5009602E0 /* WCItem.m */,
				F3F022E619806166009602E0 /* WCAppDelegate.h */,
				F3F022E719806166009602E0 /* WCAppDelegate.m */,
				F3F022E919806166009602E0 /* Images.xcassets */,
				F3F022DE19806166009602E0 /* Supporting Files */,
				F3F02306198067A8009602E0 /* WCItemsViewController.h */,
				F3F02307198067A8009602E0 /* WCItemsViewController.m */,
				F3E451EF19997C1A0023CFC7 /* HeaderView.xib */,
				F3F0230C19807458009602E0 /* WCItemStore.h */,
				F3F0230D19807458009602E0 /* WCItemStore.m */,
				F398EBF019E33A9A00A47A52 /* WCDetailViewController.h */,
				F398EBF119E33A9A00A47A52 /* WCDetailViewController.m */,
				F398EBF219E33A9A00A47A52 /* WCDetailViewController.xib */,
			);
			path = Homepwner;
			sourceTree = "<group>";
		};
		F3F022DE19806166009602E0 /* Supporting Files */ = {
			isa = PBXGroup;
			children = (
				F3F022DF19806166009602E0 /* Homepwner-Info.plist */,
				F3F022E019806166009602E0 /* InfoPlist.strings */,
				F3F022E319806166009602E0 /* main.m */,
				F3F022E519806166009602E0 /* Homepwner-Prefix.pch */,
			);
			name = "Supporting Files";
			sourceTree = "<group>";
		};
		F3F022F619806166009602E0 /* HomepwnerTests */ = {
			isa = PBXGroup;
			children = (
				F3F022FC19806166009602E0 /* HomepwnerTests.m */,
				F3F022F719806166009602E0 /* Supporting Files */,
			);
			path = HomepwnerTests;
			sourceTree = "<group>";
		};
		F3F022F719806166009602E0 /* Supporting Files */ = {
			isa = PBXGroup;
			children = (
				F3F022F819806166009602E0 /* HomepwnerTests-Info.plist */,
				F3F022F919806166009602E0 /* InfoPlist.strings */,
			);
			name = "Supporting Files";
			sourceTree = "<group>";
		};
/* End PBXGroup section */

/* Begin PBXNativeTarget section */
		F3F022D319806166009602E0 /* Homepwner */ = {
			isa = PBXNativeTarget;
			buildConfigurationList = F3F0230019806166009602E0 /* Build configuration list for PBXNativeTarget "Homepwner" */;
			buildPhases = (
				F3F022D019806166009602E0 /* Sources */,
				F3F022D119806166009602E0 /* Frameworks */,
				F3F022D219806166009602E0 /* Resources */,
			);
			buildRules = (
			);
			dependencies = (
			);
			name = Homepwner;
			productName = Homepwner;
			productReference = F3F022D419806166009602E0 /* Homepwner.app */;
			productType = "com.apple.product-type.application";
		};
		F3F022EE19806166009602E0 /* HomepwnerTests */ = {
			isa = PBXNativeTarget;
			buildConfigurationList = F3F0230319806166009602E0 /* Build configuration list for PBXNativeTarget "HomepwnerTests" */;
			buildPhases = (
				F3F022EB19806166009602E0 /* Sources */,
				F3F022EC19806166009602E0 /* Frameworks */,
				F3F022ED19806166009602E0 /* Resources */,
			);
			buildRules = (
			);
			dependencies = (
				F3F022F519806166009602E0 /* PBXTargetDependency */,
			);
			name = HomepwnerTests;
			productName = HomepwnerTests;
			productReference = F3F022EF19806166009602E0 /* HomepwnerTests.xctest */;
			productType = "com.apple.product-type.bundle.unit-test";
		};
/* End PBXNativeTarget section */

/* Begin PBXProject section */
		F3F022CC19806166009602E0 /* Project object */ = {
			isa = PBXProject;
			attributes = {
				CLASSPREFIX = WC;
				LastUpgradeCheck = 0510;
				ORGANIZATIONNAME = com.wenwenchu;
				TargetAttributes = {
					F3F022EE19806166009602E0 = {
						TestTargetID = F3F022D319806166009602E0;
					};
				};
			};
			buildConfigurationList = F3F022CF19806166009602E0 /* Build configuration list for PBXProject "Homepwner" */;
			compatibilityVersion = "Xcode 3.2";
			developmentRegion = English;
			hasScannedForEncodings = 0;
			knownRegions = (
				en,
			);
			mainGroup = F3F022CB19806166009602E0;
			productRefGroup = F3F022D519806166009602E0 /* Products */;
			projectDirPath = "";
			projectRoot = "";
			targets = (
				F3F022D319806166009602E0 /* Homepwner */,
				F3F022EE19806166009602E0 /* HomepwnerTests */,
			);
		};
/* End PBXProject section */

/* Begin PBXResourcesBuildPhase section */
		F3F022D219806166009602E0 /* Resources */ = {
			isa = PBXResourcesBuildPhase;
			buildActionMask = 2147483647;
			files = (
				F3E451F019997C1A0023CFC7 /* HeaderView.xib in Resources */,
				F3F022E219806166009602E0 /* InfoPlist.strings in Resources */,
				F3F022EA19806166009602E0 /* Images.xcassets in Resources */,
				F398EBF419E33A9A00A47A52 /* WCDetailViewController.xib in Resources */,
			);
			runOnlyForDeploymentPostprocessing = 0;
		};
		F3F022ED19806166009602E0 /* Resources */ = {
			isa = PBXResourcesBuildPhase;
			buildActionMask = 2147483647;
			files = (
				F3F022FB19806166009602E0 /* InfoPlist.strings in Resources */,
			);
			runOnlyForDeploymentPostprocessing = 0;
		};
/* End PBXResourcesBuildPhase section */

/* Begin PBXSourcesBuildPhase section */
		F3F022D019806166009602E0 /* Sources */ = {
			isa = PBXSourcesBuildPhase;
			buildActionMask = 2147483647;
			files = (
				F3F0230B19806BC5009602E0 /* WCItem.m in Sources */,
				F398EBF319E33A9A00A47A52 /* WCDetailViewController.m in Sources */,
				F3F022E819806166009602E0 /* WCAppDelegate.m in Sources */,
				F3F022E419806166009602E0 /* main.m in Sources */,
				F3F02308198067A8009602E0 /* WCItemsViewController.m in Sources */,
				F3F0230E19807458009602E0 /* WCItemStore.m in Sources */,
			);
			runOnlyForDeploymentPostprocessing = 0;
		};
		F3F022EB19806166009602E0 /* Sources */ = {
			isa = PBXSourcesBuildPhase;
			buildActionMask = 2147483647;
			files = (
				F3F022FD19806166009602E0 /* HomepwnerTests.m in Sources */,
			);
			runOnlyForDeploymentPostprocessing = 0;
		};
/* End PBXSourcesBuildPhase section */

/* Begin PBXTargetDependency section */
		F3F022F519806166009602E0 /* PBXTargetDependency */ = {
			isa = PBXTargetDependency;
			target = F3F022D319806166009602E0 /* Homepwner */;
			targetProxy = F3F022F419806166009602E0 /* PBXContainerItemProxy */;
		};
/* End PBXTargetDependency section */

/* Begin PBXVariantGroup section */
		F3F022E019806166009602E0 /* InfoPlist.strings */ = {
			isa = PBXVariantGroup;
			children = (
				F3F022E119806166009602E0 /* en */,
			);
			name = InfoPlist.strings;
			sourceTree = "<group>";
		};
		F3F022F919806166009602E0 /* InfoPlist.strings */ = {
			isa = PBXVariantGroup;
			children = (
				F3F022FA19806166009602E0 /* en */,
			);
			name = InfoPlist.strings;
			sourceTree = "<group>";
		};
/* End PBXVariantGroup section */

/* Begin XCBuildConfiguration section */
		F3F022FE19806166009602E0 /* Debug */ = {
			isa = XCBuildConfiguration;
			buildSettings = {
				ALWAYS_SEARCH_USER_PATHS = NO;
				CLANG_CXX_LANGUAGE_STANDARD = "gnu++0x";
				CLANG_CXX_LIBRARY = "libc++";
				CLANG_ENABLE_MODULES = YES;
				CLANG_ENABLE_OBJC_ARC = YES;
				CLANG_WARN_BOOL_CONVERSION = YES;
				CLANG_WARN_CONSTANT_CONVERSION = YES;
				CLANG_WARN_DIRECT_OBJC_ISA_USAGE = YES_ERROR;
				CLANG_WARN_EMPTY_BODY = YES;
				CLANG_WARN_ENUM_CONVERSION = YES;
				CLANG_WARN_INT_CONVERSION = YES;
				CLANG_WARN_OBJC_ROOT_CLASS = YES_ERROR;
				CLANG_WARN__DUPLICATE_METHOD_MATCH = YES;
				"CODE_SIGN_IDENTITY[sdk=iphoneos*]" = "iPhone Developer";
				COPY_PHASE_STRIP = NO;
				GCC_C_LANGUAGE_STANDARD = gnu99;
				GCC_DYNAMIC_NO_PIC = NO;
				GCC_OPTIMIZATION_LEVEL = 0;
				GCC_PREPROCESSOR_DEFINITIONS = (
					"DEBUG=1",
					"$(inherited)",
				);
				GCC_SYMBOLS_PRIVATE_EXTERN = NO;
				GCC_WARN_64_TO_32_BIT_CONVERSION = YES;
				GCC_WARN_ABOUT_RETURN_TYPE = YES_ERROR;
				GCC_WARN_UNDECLARED_SELECTOR = YES;
				GCC_WARN_UNINITIALIZED_AUTOS = YES_AGGRESSIVE;
				GCC_WARN_UNUSED_FUNCTION = YES;
				GCC_WARN_UNUSED_VARIABLE = YES;
				IPHONEOS_DEPLOYMENT_TARGET = 7.1;
				ONLY_ACTIVE_ARCH = YES;
				SDKROOT = iphoneos;
			};
			name = Debug;
		};
		F3F022FF19806166009602E0 /* Release */ = {
			isa = XCBuildConfiguration;
			buildSettings = {
				ALWAYS_SEARCH_USER_PATHS = NO;
				CLANG_CXX_LANGUAGE_STANDARD = "gnu++0x";
				CLANG_CXX_LIBRARY = "libc++";
				CLANG_ENABLE_MODULES = YES;
				CLANG_ENABLE_OBJC_ARC = YES;
				CLANG_WARN_BOOL_CONVERSION = YES;
				CLANG_WARN_CONSTANT_CONVERSION = YES;
				CLANG_WARN_DIRECT_OBJC_ISA_USAGE = YES_ERROR;
				CLANG_WARN_EMPTY_BODY = YES;
				CLANG_WARN_ENUM_CONVERSION = YES;
				CLANG_WARN_INT_CONVERSION = YES;
				CLANG_WARN_OBJC_ROOT_CLASS = YES_ERROR;
				CLANG_WARN__DUPLICATE_METHOD_MATCH = YES;
				"CODE_SIGN_IDENTITY[sdk=iphoneos*]" = "iPhone Developer";
				COPY_PHASE_STRIP = YES;
				ENABLE_NS_ASSERTIONS = NO;
				GCC_C_LANGUAGE_STANDARD = gnu99;
				GCC_WARN_64_TO_32_BIT_CONVERSION = YES;
				GCC_WARN_ABOUT_RETURN_TYPE = YES_ERROR;
				GCC_WARN_UNDECLARED_SELECTOR = YES;
				GCC_WARN_UNINITIALIZED_AUTOS = YES_AGGRESSIVE;
				GCC_WARN_UNUSED_FUNCTION = YES;
				GCC_WARN_UNUSED_VARIABLE = YES;
				IPHONEOS_DEPLOYMENT_TARGET = 7.1;
				SDKROOT = iphoneos;
				VALIDATE_PRODUCT = YES;
			};
			name = Release;
		};
		F3F0230119806166009602E0 /* Debug */ = {
			isa = XCBuildConfiguration;
			buildSettings = {
				ASSETCATALOG_COMPILER_APPICON_NAME = AppIcon;
				ASSETCATALOG_COMPILER_LAUNCHIMAGE_NAME = LaunchImage;
				GCC_PRECOMPILE_PREFIX_HEADER = YES;
				GCC_PREFIX_HEADER = "Homepwner/Homepwner-Prefix.pch";
				INFOPLIST_FILE = "Homepwner/Homepwner-Info.plist";
				PRODUCT_NAME = "$(TARGET_NAME)";
				WRAPPER_EXTENSION = app;
			};
			name = Debug;
		};
		F3F0230219806166009602E0 /* Release */ = {
			isa = XCBuildConfiguration;
			buildSettings = {
				ASSETCATALOG_COMPILER_APPICON_NAME = AppIcon;
				ASSETCATALOG_COMPILER_LAUNCHIMAGE_NAME = LaunchImage;
				GCC_PRECOMPILE_PREFIX_HEADER = YES;
				GCC_PREFIX_HEADER = "Homepwner/Homepwner-Prefix.pch";
				INFOPLIST_FILE = "Homepwner/Homepwner-Info.plist";
				PRODUCT_NAME = "$(TARGET_NAME)";
				WRAPPER_EXTENSION = app;
			};
			name = Release;
		};
		F3F0230419806166009602E0 /* Debug */ = {
			isa = XCBuildConfiguration;
			buildSettings = {
				BUNDLE_LOADER = "$(BUILT_PRODUCTS_DIR)/Homepwner.app/Homepwner";
				FRAMEWORK_SEARCH_PATHS = (
					"$(SDKROOT)/Developer/Library/Frameworks",
					"$(inherited)",
					"$(DEVELOPER_FRAMEWORKS_DIR)",
				);
				GCC_PRECOMPILE_PREFIX_HEADER = YES;
				GCC_PREFIX_HEADER = "Homepwner/Homepwner-Prefix.pch";
				GCC_PREPROCESSOR_DEFINITIONS = (
					"DEBUG=1",
					"$(inherited)",
				);
				INFOPLIST_FILE = "HomepwnerTests/HomepwnerTests-Info.plist";
				PRODUCT_NAME = "$(TARGET_NAME)";
				TEST_HOST = "$(BUNDLE_LOADER)";
				WRAPPER_EXTENSION = xctest;
			};
			name = Debug;
		};
		F3F0230519806166009602E0 /* Release */ = {
			isa = XCBuildConfiguration;
			buildSettings = {
				BUNDLE_LOADER = "$(BUILT_PRODUCTS_DIR)/Homepwner.app/Homepwner";
				FRAMEWORK_SEARCH_PATHS = (
					"$(SDKROOT)/Developer/Library/Frameworks",
					"$(inherited)",
					"$(DEVELOPER_FRAMEWORKS_DIR)",
				);
				GCC_PRECOMPILE_PREFIX_HEADER = YES;
				GCC_PREFIX_HEADER = "Homepwner/Homepwner-Prefix.pch";
				INFOPLIST_FILE = "HomepwnerTests/HomepwnerTests-Info.plist";
				PRODUCT_NAME = "$(TARGET_NAME)";
				TEST_HOST = "$(BUNDLE_LOADER)";
				WRAPPER_EXTENSION = xctest;
			};
			name = Release;
		};
/* End XCBuildConfiguration section */

/* Begin XCConfigurationList section */
		F3F022CF19806166009602E0 /* Build configuration list for PBXProject "Homepwner" */ = {
			isa = XCConfigurationList;
			buildConfigurations = (
				F3F022FE19806166009602E0 /* Debug */,
				F3F022FF19806166009602E0 /* Release */,
			);
			defaultConfigurationIsVisible = 0;
			defaultConfigurationName = Release;
		};
		F3F0230019806166009602E0 /* Build configuration list for PBXNativeTarget "Homepwner" */ = {
			isa = XCConfigurationList;
			buildConfigurations = (
				F3F0230119806166009602E0 /* Debug */,
				F3F0230219806166009602E0 /* Release */,
			);
			defaultConfigurationIsVisible = 0;
			defaultConfigurationName = Release;
		};
		F3F0230319806166009602E0 /* Build configuration list for PBXNativeTarget "HomepwnerTests" */ = {
			isa = XCConfigurationList;
			buildConfigurations = (
				F3F0230419806166009602E0 /* Debug */,
				F3F0230519806166009602E0 /* Release */,
			);
			defaultConfigurationIsVisible = 0;
			defaultConfigurationName = Release;
		};
/* End XCConfigurationList section */
	};
	rootObject = F3F022CC19806166009602E0 /* Project object */;
}
